
Microsoft Visual Studio Solution File, Format Version 12.00
# Visual Studio Version 17
VisualStudioVersion = 17.6.33801.468
MinimumVisualStudioVersion = 10.0.40219.1
Project("{FAE04EC0-301F-11D3-BF4B-00C04F79EFBC}") = "Lab__rab_1_Odinaev", "Lab__rab_1_Odinaev\Lab__rab_1_Odinaev.csproj", "{011CD212-CB30-44D6-A71F-881C1AE9C12F}"
EndProject
Global
	GlobalSection(SolutionConfigurationPlatforms) = preSolution
		Debug|Any CPU = Debug|Any CPU
		Release|Any CPU = Release|Any CPU
	EndGlobalSection
	GlobalSection(ProjectConfigurationPlatforms) = postSolution
		{011CD212-CB30-44D6-A71F-881C1AE9C12F}.Debug|Any CPU.ActiveCfg = Debug|Any CPU
		{011CD212-CB30-44D6-A71F-881C1AE9C12F}.Debug|Any CPU.Build.0 = Debug|Any CPU
		{011CD212-CB30-44D6-A71F-881C1AE9C12F}.Release|Any CPU.ActiveCfg = Release|Any CPU
		{011CD212-CB30-44D6-A71F-881C1AE9C12F}.Release|Any CPU.Build.0 = Release|Any CPU
	EndGlobalSection
	GlobalSection(SolutionProperties) = preSolution
		HideSolutionNode = FALSE
	EndGlobalSection
	GlobalSection(ExtensibilityGlobals) = postSolution
		SolutionGuid = {C1BFF076-9D76-4013-9930-2B4CF5C653FE}
	EndGlobalSection
EndGlobal
